
Microsoft Visual Studio Solution File, Format Version 12.00
# Visual Studio Version 16
VisualStudioVersion = 16.0.28922.388
MinimumVisualStudioVersion = 10.0.40219.1
Project("{FAE04EC0-301F-11D3-BF4B-00C04F79EFBC}") = "TracsSmartCard", "TracsSmartCard.csproj", "{C4A7B041-1E84-4086-871D-115D6B62388F}"
EndProject
Project("{FAE04EC0-301F-11D3-BF4B-00C04F79EFBC}") = "TestTracsSmartCard", "..\TestTracsSmartCard\TestTracsSmartCard.csproj", "{67943B5C-8FAC-4145-8EFA-957ED5018206}"
EndProject
Global
	GlobalSection(SolutionConfigurationPlatforms) = preSolution
		Debug|Any CPU = Debug|Any CPU
		Release|Any CPU = Release|Any CPU
	EndGlobalSection
	GlobalSection(ProjectConfigurationPlatforms) = postSolution
		{C4A7B041-1E84-4086-871D-115D6B62388F}.Debug|Any CPU.ActiveCfg = Debug|Any CPU
		{C4A7B041-1E84-4086-871D-115D6B62388F}.Debug|Any CPU.Build.0 = Debug|Any CPU
		{C4A7B041-1E84-4086-871D-115D6B62388F}.Release|Any CPU.ActiveCfg = Release|Any CPU
		{C4A7B041-1E84-4086-871D-115D6B62388F}.Release|Any CPU.Build.0 = Release|Any CPU
		{67943B5C-8FAC-4145-8EFA-957ED5018206}.Debug|Any CPU.ActiveCfg = Debug|Any CPU
		{67943B5C-8FAC-4145-8EFA-957ED5018206}.Debug|Any CPU.Build.0 = Debug|Any CPU
		{67943B5C-8FAC-4145-8EFA-957ED5018206}.Release|Any CPU.ActiveCfg = Release|Any CPU
		{67943B5C-8FAC-4145-8EFA-957ED5018206}.Release|Any CPU.Build.0 = Release|Any CPU
	EndGlobalSection
	GlobalSection(SolutionProperties) = preSolution
		HideSolutionNode = FALSE
	EndGlobalSection
	GlobalSection(ExtensibilityGlobals) = postSolution
		SolutionGuid = {FEB172AA-990E-4DCD-A05C-28DC31A8F87B}
	EndGlobalSection
EndGlobal
